
Microsoft Visual Studio Solution File, Format Version 12.00
# Visual Studio Version 17
VisualStudioVersion = 17.3.32929.385
MinimumVisualStudioVersion = 10.0.40219.1
Project("{FAE04EC0-301F-11D3-BF4B-00C04F79EFBC}") = "Installer_O", "Installer_O\Installer_O.csproj", "{EE0B3A4A-30EE-4BC4-B6B1-DEF1C9C31394}"
EndProject
Global
	GlobalSection(SolutionConfigurationPlatforms) = preSolution
		Debug|Any CPU = Debug|Any CPU
		Release|Any CPU = Release|Any CPU
	EndGlobalSection
	GlobalSection(ProjectConfigurationPlatforms) = postSolution
		{EE0B3A4A-30EE-4BC4-B6B1-DEF1C9C31394}.Debug|Any CPU.ActiveCfg = Debug|Any CPU
		{EE0B3A4A-30EE-4BC4-B6B1-DEF1C9C31394}.Debug|Any CPU.Build.0 = Debug|Any CPU
		{EE0B3A4A-30EE-4BC4-B6B1-DEF1C9C31394}.Release|Any CPU.ActiveCfg = Release|Any CPU
		{EE0B3A4A-30EE-4BC4-B6B1-DEF1C9C31394}.Release|Any CPU.Build.0 = Release|Any CPU
	EndGlobalSection
	GlobalSection(SolutionProperties) = preSolution
		HideSolutionNode = FALSE
	EndGlobalSection
	GlobalSection(ExtensibilityGlobals) = postSolution
		SolutionGuid = {FA1CD9AC-694E-4C39-8A15-619F8F26F41A}
	EndGlobalSection
EndGlobal
